// !$*UTF8*$!
{
	archiveVersion = 1;
	classes = {
	};
	objectVersion = 46;
	objects = {

/* Begin PBXBuildFile section */
		BCAB9C6F1C131C5B00537719 /* main.m in Sources */ = {isa = PBXBuildFile; fileRef = BCAB9C6E1C131C5B00537719 /* main.m */; };
		BCAB9C721C131C5B00537719 /* AppDelegate.m in Sources */ = {isa = PBXBuildFile; fileRef = BCAB9C711C131C5B00537719 /* AppDelegate.m */; };
		BCAB9C751C131C5B00537719 /* ViewController.m in Sources */ = {isa = PBXBuildFile; fileRef = BCAB9C741C131C5B00537719 /* ViewController.m */; };
		BCAB9C781C131C5B00537719 /* Main.storyboard in Resources */ = {isa = PBXBuildFile; fileRef = BCAB9C761C131C5B00537719 /* Main.storyboard */; };
		BCAB9C7A1C131C5B00537719 /* Images.xcassets in Resources */ = {isa = PBXBuildFile; fileRef = BCAB9C791C131C5B00537719 /* Images.xcassets */; };
		BCAB9C7D1C131C5B00537719 /* LaunchScreen.xib in Resources */ = {isa = PBXBuildFile; fileRef = BCAB9C7B1C131C5B00537719 /* LaunchScreen.xib */; };
		BCAB9C891C131C5C00537719 /* vvvvTests.m in Sources */ = {isa = PBXBuildFile; fileRef = BCAB9C881C131C5C00537719 /* vvvvTests.m */; };
/* End PBXBuildFile section */

/* Begin PBXContainerItemProxy section */
		BCAB9C831C131C5C00537719 /* PBXContainerItemProxy */ = {
			isa = PBXContainerItemProxy;
			containerPortal = BCAB9C611C131C5B00537719 /* Project object */;
			proxyType = 1;
			remoteGlobalIDString = BCAB9C681C131C5B00537719;
			remoteInfo = vvvv;
		};
/* End PBXContainerItemProxy section */

/* Begin PBXFileReference section */
		BCAB9C691C131C5B00537719 /* vvvv.app */ = {isa = PBXFileReference; explicitFileType = wrapper.application; includeInIndex = 0; path = vvvv.app; sourceTree = BUILT_PRODUCTS_DIR; };
		BCAB9C6D1C131C5B00537719 /* Info.plist */ = {isa = PBXFileReference; lastKnownFileType = text.plist.xml; path = Info.plist; sourceTree = "<group>"; };
		BCAB9C6E1C131C5B00537719 /* main.m */ = {isa = PBXFileReference; lastKnownFileType = sourcecode.c.objc; path = main.m; sourceTree = "<group>"; };
		BCAB9C701C131C5B00537719 /* AppDelegate.h */ = {isa = PBXFileReference; lastKnownFileType = sourcecode.c.h; path = AppDelegate.h; sourceTree = "<group>"; };
		BCAB9C711C131C5B00537719 /* AppDelegate.m */ = {isa = PBXFileReference; lastKnownFileType = sourcecode.c.objc; path = AppDelegate.m; sourceTree = "<group>"; };
		BCAB9C731C131C5B00537719 /* ViewController.h */ = {isa = PBXFileReference; lastKnownFileType = sourcecode.c.h; path = ViewController.h; sourceTree = "<group>"; };
		BCAB9C741C131C5B00537719 /* ViewController.m */ = {isa = PBXFileReference; lastKnownFileType = sourcecode.c.objc; path = ViewController.m; sourceTree = "<group>"; };
		BCAB9C771C131C5B00537719 /* Base */ = {isa = PBXFileReference; lastKnownFileType = file.storyboard; name = Base; path = Base.lproj/Main.storyboard; sourceTree = "<group>"; };
		BCAB9C791C131C5B00537719 /* Images.xcassets */ = {isa = PBXFileReference; lastKnownFileType = folder.assetcatalog; path = Images.xcassets; sourceTree = "<group>"; };
		BCAB9C7C1C131C5B00537719 /* Base */ = {isa = PBXFileReference; lastKnownFileType = file.xib; name = Base; path = Base.lproj/LaunchScreen.xib; sourceTree = "<group>"; };
		BCAB9C821C131C5C00537719 /* vvvvTests.xctest */ = {isa = PBXFileReference; explicitFileType = wrapper.cfbundle; includeInIndex = 0; path = vvvvTests.xctest; sourceTree = BUILT_PRODUCTS_DIR; };
		BCAB9C871C131C5C00537719 /* Info.plist */ = {isa = PBXFileReference; lastKnownFileType = text.plist.xml; path = Info.plist; sourceTree = "<group>"; };
		BCAB9C881C131C5C00537719 /* vvvvTests.m */ = {isa = PBXFileReference; lastKnownFileType = sourcecode.c.objc; path = vvvvTests.m; sourceTree = "<group>"; };
/* End PBXFileReference section */

/* Begin PBXFrameworksBuildPhase section */
		BCAB9C661C131C5B00537719 /* Frameworks */ = {
			isa = PBXFrameworksBuildPhase;
			buildActionMask = 2147483647;
			files = (
			);
			runOnlyForDeploymentPostprocessing = 0;
		};
		BCAB9C7F1C131C5C00537719 /* Frameworks */ = {
			isa = PBXFrameworksBuildPhase;
			buildActionMask = 2147483647;
			files = (
			);
			runOnlyForDeploymentPostprocessing = 0;
		};
/* End PBXFrameworksBuildPhase section */

/* Begin PBXGroup section */
		BCAB9C601C131C5B00537719 = {
			isa = PBXGroup;
			children = (
				BCAB9C6B1C131C5B00537719 /* vvvv */,
				BCAB9C851C131C5C00537719 /* vvvvTests */,
				BCAB9C6A1C131C5B00537719 /* Products */,
			);
			sourceTree = "<group>";
		};
		BCAB9C6A1C131C5B00537719 /* Products */ = {
			isa = PBXGroup;
			children = (
				BCAB9C691C131C5B00537719 /* vvvv.app */,
				BCAB9C821C131C5C00537719 /* vvvvTests.xctest */,
			);
			name = Products;
			sourceTree = "<group>";
		};
		BCAB9C6B1C131C5B00537719 /* vvvv */ = {
			isa = PBXGroup;
			children = (
				BCAB9C701C131C5B00537719 /* AppDelegate.h */,
				BCAB9C711C131C5B00537719 /* AppDelegate.m */,
				BCAB9C731C131C5B00537719 /* ViewController.h */,
				BCAB9C741C131C5B00537719 /* ViewController.m */,
				BCAB9C761C131C5B00537719 /* Main.storyboard */,
				BCAB9C791C131C5B00537719 /* Images.xcassets */,
				BCAB9C7B1C131C5B00537719 /* LaunchScreen.xib */,
				BCAB9C6C1C131C5B00537719 /* Supporting Files */,
			);
			path = vvvv;
			sourceTree = "<group>";
		};
		BCAB9C6C1C131C5B00537719 /* Supporting Files */ = {
			isa = PBXGroup;
			children = (
				BCAB9C6D1C131C5B00537719 /* Info.plist */,
				BCAB9C6E1C131C5B00537719 /* main.m */,
			);
			name = "Supporting Files";
			sourceTree = "<group>";
		};
		BCAB9C851C131C5C00537719 /* vvvvTests */ = {
			isa = PBXGroup;
			children = (
				BCAB9C881C131C5C00537719 /* vvvvTests.m */,
				BCAB9C861C131C5C00537719 /* Supporting Files */,
			);
			path = vvvvTests;
			sourceTree = "<group>";
		};
		BCAB9C861C131C5C00537719 /* Supporting Files */ = {
			isa = PBXGroup;
			children = (
				BCAB9C871C131C5C00537719 /* Info.plist */,
			);
			name = "Supporting Files";
			sourceTree = "<group>";
		};
/* End PBXGroup section */

/* Begin PBXNativeTarget section */
		BCAB9C681C131C5B00537719 /* vvvv */ = {
			isa = PBXNativeTarget;
			buildConfigurationList = BCAB9C8C1C131C5C00537719 /* Build configuration list for PBXNativeTarget "vvvv" */;
			buildPhases = (
				BCAB9C651C131C5B00537719 /* Sources */,
				BCAB9C661C131C5B00537719 /* Frameworks */,
				BCAB9C671C131C5B00537719 /* Resources */,
			);
			buildRules = (
			);
			dependencies = (
			);
			name = vvvv;
			productName = vvvv;
			productReference = BCAB9C691C131C5B00537719 /* vvvv.app */;
			productType = "com.apple.product-type.application";
		};
		BCAB9C811C131C5C00537719 /* vvvvTests */ = {
			isa = PBXNativeTarget;
			buildConfigurationList = BCAB9C8F1C131C5C00537719 /* Build configuration list for PBXNativeTarget "vvvvTests" */;
			buildPhases = (
				BCAB9C7E1C131C5C00537719 /* Sources */,
				BCAB9C7F1C131C5C00537719 /* Frameworks */,
				BCAB9C801C131C5C00537719 /* Resources */,
			);
			buildRules = (
			);
			dependencies = (
				BCAB9C841C131C5C00537719 /* PBXTargetDependency */,
			);
			name = vvvvTests;
			productName = vvvvTests;
			productReference = BCAB9C821C131C5C00537719 /* vvvvTests.xctest */;
			productType = "com.apple.product-type.bundle.unit-test";
		};
/* End PBXNativeTarget section */

/* Begin PBXProject section */
		BCAB9C611C131C5B00537719 /* Project object */ = {
			isa = PBXProject;
			attributes = {
				LastUpgradeCheck = 0640;
				ORGANIZATIONNAME = qianfeng;
				TargetAttributes = {
					BCAB9C681C131C5B00537719 = {
						CreatedOnToolsVersion = 6.4;
					};
					BCAB9C811C131C5C00537719 = {
						CreatedOnToolsVersion = 6.4;
						TestTargetID = BCAB9C681C131C5B00537719;
					};
				};
			};
			buildConfigurationList = BCAB9C641C131C5B00537719 /* Build configuration list for PBXProject "vvvv" */;
			compatibilityVersion = "Xcode 3.2";
			developmentRegion = English;
			hasScannedForEncodings = 0;
			knownRegions = (
				en,
				Base,
			);
			mainGroup = BCAB9C601C131C5B00537719;
			productRefGroup = BCAB9C6A1C131C5B00537719 /* Products */;
			projectDirPath = "";
			projectRoot = "";
			targets = (
				BCAB9C681C131C5B00537719 /* vvvv */,
				BCAB9C811C131C5C00537719 /* vvvvTests */,
			);
		};
/* End PBXProject section */

/* Begin PBXResourcesBuildPhase section */
		BCAB9C671C131C5B00537719 /* Resources */ = {
			isa = PBXResourcesBuildPhase;
			buildActionMask = 2147483647;
			files = (
				BCAB9C781C131C5B00537719 /* Main.storyboard in Resources */,
				BCAB9C7D1C131C5B00537719 /* LaunchScreen.xib in Resources */,
				BCAB9C7A1C131C5B00537719 /* Images.xcassets in Resources */,
			);
			runOnlyForDeploymentPostprocessing = 0;
		};
		BCAB9C801C131C5C00537719 /* Resources */ = {
			isa = PBXResourcesBuildPhase;
			buildActionMask = 2147483647;
			files = (
			);
			runOnlyForDeploymentPostprocessing = 0;
		};
/* End PBXResourcesBuildPhase section */

/* Begin PBXSourcesBuildPhase section */
		BCAB9C651C131C5B00537719 /* Sources */ = {
			isa = PBXSourcesBuildPhase;
			buildActionMask = 2147483647;
			files = (
				BCAB9C751C131C5B00537719 /* ViewController.m in Sources */,
				BCAB9C721C131C5B00537719 /* AppDelegate.m in Sources */,
				BCAB9C6F1C131C5B00537719 /* main.m in Sources */,
			);
			runOnlyForDeploymentPostprocessing = 0;
		};
		BCAB9C7E1C131C5C00537719 /* Sources */ = {
			isa = PBXSourcesBuildPhase;
			buildActionMask = 2147483647;
			files = (
				BCAB9C891C131C5C00537719 /* vvvvTests.m in Sources */,
			);
			runOnlyForDeploymentPostprocessing = 0;
		};
/* End PBXSourcesBuildPhase section */

/* Begin PBXTargetDependency section */
		BCAB9C841C131C5C00537719 /* PBXTargetDependency */ = {
			isa = PBXTargetDependency;
			target = BCAB9C681C131C5B00537719 /* vvvv */;
			targetProxy = BCAB9C831C131C5C00537719 /* PBXContainerItemProxy */;
		};
/* End PBXTargetDependency section */

/* Begin PBXVariantGroup section */
		BCAB9C761C131C5B00537719 /* Main.storyboard */ = {
			isa = PBXVariantGroup;
			children = (
				BCAB9C771C131C5B00537719 /* Base */,
			);
			name = Main.storyboard;
			sourceTree = "<group>";
		};
		BCAB9C7B1C131C5B00537719 /* LaunchScreen.xib */ = {
			isa = PBXVariantGroup;
			children = (
				BCAB9C7C1C131C5B00537719 /* Base */,
			);
			name = LaunchScreen.xib;
			sourceTree = "<group>";
		};
/* End PBXVariantGroup section */

/* Begin XCBuildConfiguration section */
		BCAB9C8A1C131C5C00537719 /* Debug */ = {
			isa = XCBuildConfiguration;
			buildSettings = {
				ALWAYS_SEARCH_USER_PATHS = NO;
				CLANG_CXX_LANGUAGE_STANDARD = "gnu++0x";
				CLANG_CXX_LIBRARY = "libc++";
				CLANG_ENABLE_MODULES = YES;
				CLANG_ENABLE_OBJC_ARC = YES;
				CLANG_WARN_BOOL_CONVERSION = YES;
				CLANG_WARN_CONSTANT_CONVERSION = YES;
				CLANG_WARN_DIRECT_OBJC_ISA_USAGE = YES_ERROR;
				CLANG_WARN_EMPTY_BODY = YES;
				CLANG_WARN_ENUM_CONVERSION = YES;
				CLANG_WARN_INT_CONVERSION = YES;
				CLANG_WARN_OBJC_ROOT_CLASS = YES_ERROR;
				CLANG_WARN_UNREACHABLE_CODE = YES;
				CLANG_WARN__DUPLICATE_METHOD_MATCH = YES;
				"CODE_SIGN_IDENTITY[sdk=iphoneos*]" = "iPhone Developer";
				COPY_PHASE_STRIP = NO;
				DEBUG_INFORMATION_FORMAT = "dwarf-with-dsym";
				ENABLE_STRICT_OBJC_MSGSEND = YES;
				GCC_C_LANGUAGE_STANDARD = gnu99;
				GCC_DYNAMIC_NO_PIC = NO;
				GCC_NO_COMMON_BLOCKS = YES;
				GCC_OPTIMIZATION_LEVEL = 0;
				GCC_PREPROCESSOR_DEFINITIONS = (
					"DEBUG=1",
					"$(inherited)",
				);
				GCC_SYMBOLS_PRIVATE_EXTERN = NO;
				GCC_WARN_64_TO_32_BIT_CONVERSION = YES;
				GCC_WARN_ABOUT_RETURN_TYPE = YES_ERROR;
				GCC_WARN_UNDECLARED_SELECTOR = YES;
				GCC_WARN_UNINITIALIZED_AUTOS = YES_AGGRESSIVE;
				GCC_WARN_UNUSED_FUNCTION = YES;
				GCC_WARN_UNUSED_VARIABLE = YES;
				IPHONEOS_DEPLOYMENT_TARGET = 8.4;
				MTL_ENABLE_DEBUG_INFO = YES;
				ONLY_ACTIVE_ARCH = YES;
				SDKROOT = iphoneos;
			};
			name = Debug;
		};
		BCAB9C8B1C131C5C00537719 /* Release */ = {
			isa = XCBuildConfiguration;
			buildSettings = {
				ALWAYS_SEARCH_USER_PATHS = NO;
				CLANG_CXX_LANGUAGE_STANDARD = "gnu++0x";
				CLANG_CXX_LIBRARY = "libc++";
				CLANG_ENABLE_MODULES = YES;
				CLANG_ENABLE_OBJC_ARC = YES;
				CLANG_WARN_BOOL_CONVERSION = YES;
				CLANG_WARN_CONSTANT_CONVERSION = YES;
				CLANG_WARN_DIRECT_OBJC_ISA_USAGE = YES_ERROR;
				CLANG_WARN_EMPTY_BODY = YES;
				CLANG_WARN_ENUM_CONVERSION = YES;
				CLANG_WARN_INT_CONVERSION = YES;
				CLANG_WARN_OBJC_ROOT_CLASS = YES_ERROR;
				CLANG_WARN_UNREACHABLE_CODE = YES;
				CLANG_WARN__DUPLICATE_METHOD_MATCH = YES;
				"CODE_SIGN_IDENTITY[sdk=iphoneos*]" = "iPhone Developer";
				COPY_PHASE_STRIP = NO;
				DEBUG_INFORMATION_FORMAT = "dwarf-with-dsym";
				ENABLE_NS_ASSERTIONS = NO;
				ENABLE_STRICT_OBJC_MSGSEND = YES;
				GCC_C_LANGUAGE_STANDARD = gnu99;
				GCC_NO_COMMON_BLOCKS = YES;
				GCC_WARN_64_TO_32_BIT_CONVERSION = YES;
				GCC_WARN_ABOUT_RETURN_TYPE = YES_ERROR;
				GCC_WARN_UNDECLARED_SELECTOR = YES;
				GCC_WARN_UNINITIALIZED_AUTOS = YES_AGGRESSIVE;
				GCC_WARN_UNUSED_FUNCTION = YES;
				GCC_WARN_UNUSED_VARIABLE = YES;
				IPHONEOS_DEPLOYMENT_TARGET = 8.4;
				MTL_ENABLE_DEBUG_INFO = NO;
				SDKROOT = iphoneos;
				VALIDATE_PRODUCT = YES;
			};
			name = Release;
		};
		BCAB9C8D1C131C5C00537719 /* Debug */ = {
			isa = XCBuildConfiguration;
			buildSettings = {
				ASSETCATALOG_COMPILER_APPICON_NAME = AppIcon;
				INFOPLIST_FILE = vvvv/Info.plist;
				LD_RUNPATH_SEARCH_PATHS = "$(inherited) @executable_path/Frameworks";
				PRODUCT_NAME = "$(TARGET_NAME)";
			};
			name = Debug;
		};
		BCAB9C8E1C131C5C00537719 /* Release */ = {
			isa = XCBuildConfiguration;
			buildSettings = {
				ASSETCATALOG_COMPILER_APPICON_NAME = AppIcon;
				INFOPLIST_FILE = vvvv/Info.plist;
				LD_RUNPATH_SEARCH_PATHS = "$(inherited) @executable_path/Frameworks";
				PRODUCT_NAME = "$(TARGET_NAME)";
			};
			name = Release;
		};
		BCAB9C901C131C5C00537719 /* Debug */ = {
			isa = XCBuildConfiguration;
			buildSettings = {
				BUNDLE_LOADER = "$(TEST_HOST)";
				FRAMEWORK_SEARCH_PATHS = (
					"$(SDKROOT)/Developer/Library/Frameworks",
					"$(inherited)",
				);
				GCC_PREPROCESSOR_DEFINITIONS = (
					"DEBUG=1",
					"$(inherited)",
				);
				INFOPLIST_FILE = vvvvTests/Info.plist;
				LD_RUNPATH_SEARCH_PATHS = "$(inherited) @executable_path/Frameworks @loader_path/Frameworks";
				PRODUCT_NAME = "$(TARGET_NAME)";
				TEST_HOST = "$(BUILT_PRODUCTS_DIR)/vvvv.app/vvvv";
			};
			name = Debug;
		};
		BCAB9C911C131C5C00537719 /* Release */ = {
			isa = XCBuildConfiguration;
			buildSettings = {
				BUNDLE_LOADER = "$(TEST_HOST)";
				FRAMEWORK_SEARCH_PATHS = (
					"$(SDKROOT)/Developer/Library/Frameworks",
					"$(inherited)",
				);
				INFOPLIST_FILE = vvvvTests/Info.plist;
				LD_RUNPATH_SEARCH_PATHS = "$(inherited) @executable_path/Frameworks @loader_path/Frameworks";
				PRODUCT_NAME = "$(TARGET_NAME)";
				TEST_HOST = "$(BUILT_PRODUCTS_DIR)/vvvv.app/vvvv";
			};
			name = Release;
		};
/* End XCBuildConfiguration section */

/* Begin XCConfigurationList section */
		BCAB9C641C131C5B00537719 /* Build configuration list for PBXProject "vvvv" */ = {
			isa = XCConfigurationList;
			buildConfigurations = (
				BCAB9C8A1C131C5C00537719 /* Debug */,
				BCAB9C8B1C131C5C00537719 /* Release */,
			);
			defaultConfigurationIsVisible = 0;
			defaultConfigurationName = Release;
		};
		BCAB9C8C1C131C5C00537719 /* Build configuration list for PBXNativeTarget "vvvv" */ = {
			isa = XCConfigurationList;
			buildConfigurations = (
				BCAB9C8D1C131C5C00537719 /* Debug */,
				BCAB9C8E1C131C5C00537719 /* Release */,
			);
			defaultConfigurationIsVisible = 0;
		};
		BCAB9C8F1C131C5C00537719 /* Build configuration list for PBXNativeTarget "vvvvTests" */ = {
			isa = XCConfigurationList;
			buildConfigurations = (
				BCAB9C901C131C5C00537719 /* Debug */,
				BCAB9C911C131C5C00537719 /* Release */,
			);
			defaultConfigurationIsVisible = 0;
		};
/* End XCConfigurationList section */
	};
	rootObject = BCAB9C611C131C5B00537719 /* Project object */;
}
